
Microsoft Visual Studio Solution File, Format Version 12.00
# Visual Studio Version 17
VisualStudioVersion = 17.7.34003.232
MinimumVisualStudioVersion = 10.0.40219.1
Project("{FAE04EC0-301F-11D3-BF4B-00C04F79EFBC}") = "0_MainSubject", "0_MainSubject\0_MainSubject.csproj", "{F04397EF-D54C-4EBD-B1F8-C71EDF5404FF}"
EndProject
Project("{FAE04EC0-301F-11D3-BF4B-00C04F79EFBC}") = "02_Variables", "02_Variables\02_Variables.csproj", "{D625A1A5-91DA-4616-B3A1-8C6639B5CA38}"
EndProject
Global
	GlobalSection(SolutionConfigurationPlatforms) = preSolution
		Debug|Any CPU = Debug|Any CPU
		Release|Any CPU = Release|Any CPU
	EndGlobalSection
	GlobalSection(ProjectConfigurationPlatforms) = postSolution
		{F04397EF-D54C-4EBD-B1F8-C71EDF5404FF}.Debug|Any CPU.ActiveCfg = Debug|Any CPU
		{F04397EF-D54C-4EBD-B1F8-C71EDF5404FF}.Debug|Any CPU.Build.0 = Debug|Any CPU
		{F04397EF-D54C-4EBD-B1F8-C71EDF5404FF}.Release|Any CPU.ActiveCfg = Release|Any CPU
		{F04397EF-D54C-4EBD-B1F8-C71EDF5404FF}.Release|Any CPU.Build.0 = Release|Any CPU
		{D625A1A5-91DA-4616-B3A1-8C6639B5CA38}.Debug|Any CPU.ActiveCfg = Debug|Any CPU
		{D625A1A5-91DA-4616-B3A1-8C6639B5CA38}.Debug|Any CPU.Build.0 = Debug|Any CPU
		{D625A1A5-91DA-4616-B3A1-8C6639B5CA38}.Release|Any CPU.ActiveCfg = Release|Any CPU
		{D625A1A5-91DA-4616-B3A1-8C6639B5CA38}.Release|Any CPU.Build.0 = Release|Any CPU
	EndGlobalSection
	GlobalSection(SolutionProperties) = preSolution
		HideSolutionNode = FALSE
	EndGlobalSection
	GlobalSection(ExtensibilityGlobals) = postSolution
		SolutionGuid = {BDC1A607-8977-4C61-B242-6EF97C50299E}
	EndGlobalSection
EndGlobal
